// !$*UTF8*$!
{
	archiveVersion = 1;
	classes = {
	};
	objectVersion = 55;
	objects = {

/* Begin PBXBuildFile section */
		5F79036B2860AC5F0007F0D7 /* AppDelegate.swift in Sources */ = {isa = PBXBuildFile; fileRef = 5F79036A2860AC5F0007F0D7 /* AppDelegate.swift */; };
		5F79036D2860AC5F0007F0D7 /* SceneDelegate.swift in Sources */ = {isa = PBXBuildFile; fileRef = 5F79036C2860AC5F0007F0D7 /* SceneDelegate.swift */; };
		5F7903722860AC5F0007F0D7 /* Main.storyboard in Resources */ = {isa = PBXBuildFile; fileRef = 5F7903702860AC5F0007F0D7 /* Main.storyboard */; };
		5F7903742860AC600007F0D7 /* Assets.xcassets in Resources */ = {isa = PBXBuildFile; fileRef = 5F7903732860AC600007F0D7 /* Assets.xcassets */; };
		5F7903772860AC600007F0D7 /* LaunchScreen.storyboard in Resources */ = {isa = PBXBuildFile; fileRef = 5F7903752860AC600007F0D7 /* LaunchScreen.storyboard */; };
		5F7903802860B0180007F0D7 /* Article.swift in Sources */ = {isa = PBXBuildFile; fileRef = 5F79037F2860B0180007F0D7 /* Article.swift */; };
		5F7903822860B1A90007F0D7 /* Model.swift in Sources */ = {isa = PBXBuildFile; fileRef = 5F7903812860B1A90007F0D7 /* Model.swift */; };
		5F7903842860CEFB0007F0D7 /* TableViewController.swift in Sources */ = {isa = PBXBuildFile; fileRef = 5F7903832860CEFB0007F0D7 /* TableViewController.swift */; };
		5F9A7CA92865C1A900928958 /* CustomTableViewCell.swift in Sources */ = {isa = PBXBuildFile; fileRef = 5F9A7CA82865C1A900928958 /* CustomTableViewCell.swift */; };
		5F9A7CCF2865F43900928958 /* CoreData.xcdatamodeld in Sources */ = {isa = PBXBuildFile; fileRef = 5F9A7CCD2865F43900928958 /* CoreData.xcdatamodeld */; };
		5F9A7CD1286662C100928958 /* Core Data.swift in Sources */ = {isa = PBXBuildFile; fileRef = 5F9A7CD0286662C100928958 /* Core Data.swift */; };
		5F9A7CD3286689B000928958 /* FavoriteTableViewController.swift in Sources */ = {isa = PBXBuildFile; fileRef = 5F9A7CD2286689B000928958 /* FavoriteTableViewController.swift */; };
		5FE45AA62860ECB900FED8FF /* OneNewsViewController.swift in Sources */ = {isa = PBXBuildFile; fileRef = 5FE45AA52860ECB900FED8FF /* OneNewsViewController.swift */; };
		5FE45AA928634FFE00FED8FF /* PageViewController.swift in Sources */ = {isa = PBXBuildFile; fileRef = 5FE45AA828634FFE00FED8FF /* PageViewController.swift */; };
/* End PBXBuildFile section */

/* Begin PBXFileReference section */
		5F7903672860AC5F0007F0D7 /* LoNews.app */ = {isa = PBXFileReference; explicitFileType = wrapper.application; includeInIndex = 0; path = LoNews.app; sourceTree = BUILT_PRODUCTS_DIR; };
		5F79036A2860AC5F0007F0D7 /* AppDelegate.swift */ = {isa = PBXFileReference; lastKnownFileType = sourcecode.swift; path = AppDelegate.swift; sourceTree = "<group>"; };
		5F79036C2860AC5F0007F0D7 /* SceneDelegate.swift */ = {isa = PBXFileReference; lastKnownFileType = sourcecode.swift; path = SceneDelegate.swift; sourceTree = "<group>"; };
		5F7903712860AC5F0007F0D7 /* Base */ = {isa = PBXFileReference; lastKnownFileType = file.storyboard; name = Base; path = Base.lproj/Main.storyboard; sourceTree = "<group>"; };
		5F7903732860AC600007F0D7 /* Assets.xcassets */ = {isa = PBXFileReference; lastKnownFileType = folder.assetcatalog; path = Assets.xcassets; sourceTree = "<group>"; };
		5F7903762860AC600007F0D7 /* Base */ = {isa = PBXFileReference; lastKnownFileType = file.storyboard; name = Base; path = Base.lproj/LaunchScreen.storyboard; sourceTree = "<group>"; };
		5F7903782860AC600007F0D7 /* Info.plist */ = {isa = PBXFileReference; lastKnownFileType = text.plist.xml; path = Info.plist; sourceTree = "<group>"; };
		5F79037F2860B0180007F0D7 /* Article.swift */ = {isa = PBXFileReference; lastKnownFileType = sourcecode.swift; path = Article.swift; sourceTree = "<group>"; };
		5F7903812860B1A90007F0D7 /* Model.swift */ = {isa = PBXFileReference; lastKnownFileType = sourcecode.swift; path = Model.swift; sourceTree = "<group>"; };
		5F7903832860CEFB0007F0D7 /* TableViewController.swift */ = {isa = PBXFileReference; lastKnownFileType = sourcecode.swift; path = TableViewController.swift; sourceTree = "<group>"; };
		5F9A7CA82865C1A900928958 /* CustomTableViewCell.swift */ = {isa = PBXFileReference; lastKnownFileType = sourcecode.swift; path = CustomTableViewCell.swift; sourceTree = "<group>"; };
		5F9A7CCE2865F43900928958 /* CoreData.xcdatamodel */ = {isa = PBXFileReference; lastKnownFileType = wrapper.xcdatamodel; path = CoreData.xcdatamodel; sourceTree = "<group>"; };
		5F9A7CD0286662C100928958 /* Core Data.swift */ = {isa = PBXFileReference; lastKnownFileType = sourcecode.swift; path = "Core Data.swift"; sourceTree = "<group>"; };
		5F9A7CD2286689B000928958 /* FavoriteTableViewController.swift */ = {isa = PBXFileReference; lastKnownFileType = sourcecode.swift; path = FavoriteTableViewController.swift; sourceTree = "<group>"; };
		5FE45AA52860ECB900FED8FF /* OneNewsViewController.swift */ = {isa = PBXFileReference; lastKnownFileType = sourcecode.swift; path = OneNewsViewController.swift; sourceTree = "<group>"; };
		5FE45AA828634FFE00FED8FF /* PageViewController.swift */ = {isa = PBXFileReference; lastKnownFileType = sourcecode.swift; path = PageViewController.swift; sourceTree = "<group>"; };
/* End PBXFileReference section */

/* Begin PBXFrameworksBuildPhase section */
		5F7903642860AC5F0007F0D7 /* Frameworks */ = {
			isa = PBXFrameworksBuildPhase;
			buildActionMask = 2147483647;
			files = (
			);
			runOnlyForDeploymentPostprocessing = 0;
		};
/* End PBXFrameworksBuildPhase section */

/* Begin PBXGroup section */
		5F79035E2860AC5F0007F0D7 = {
			isa = PBXGroup;
			children = (
				5F7903692860AC5F0007F0D7 /* LoNews */,
				5F7903682860AC5F0007F0D7 /* Products */,
			);
			sourceTree = "<group>";
		};
		5F7903682860AC5F0007F0D7 /* Products */ = {
			isa = PBXGroup;
			children = (
				5F7903672860AC5F0007F0D7 /* LoNews.app */,
			);
			name = Products;
			sourceTree = "<group>";
		};
		5F7903692860AC5F0007F0D7 /* LoNews */ = {
			isa = PBXGroup;
			children = (
				5FE45AA72862731900FED8FF /* Sourse */,
				5F79037E2860AE890007F0D7 /* Model */,
				5F79036A2860AC5F0007F0D7 /* AppDelegate.swift */,
				5F79036C2860AC5F0007F0D7 /* SceneDelegate.swift */,
				5F7903702860AC5F0007F0D7 /* Main.storyboard */,
				5F7903732860AC600007F0D7 /* Assets.xcassets */,
				5F7903752860AC600007F0D7 /* LaunchScreen.storyboard */,
				5F7903782860AC600007F0D7 /* Info.plist */,
				5F7903832860CEFB0007F0D7 /* TableViewController.swift */,
				5FE45AA52860ECB900FED8FF /* OneNewsViewController.swift */,
				5FE45AA828634FFE00FED8FF /* PageViewController.swift */,
				5F9A7CA82865C1A900928958 /* CustomTableViewCell.swift */,
				5F9A7CCD2865F43900928958 /* CoreData.xcdatamodeld */,
				5F9A7CD2286689B000928958 /* FavoriteTableViewController.swift */,
			);
			path = LoNews;
			sourceTree = "<group>";
		};
		5F79037E2860AE890007F0D7 /* Model */ = {
			isa = PBXGroup;
			children = (
				5F79037F2860B0180007F0D7 /* Article.swift */,
				5F7903812860B1A90007F0D7 /* Model.swift */,
				5F9A7CD0286662C100928958 /* Core Data.swift */,
			);
			path = Model;
			sourceTree = "<group>";
		};
		5FE45AA72862731900FED8FF /* Sourse */ = {
			isa = PBXGroup;
			children = (
			);
			path = Sourse;
			sourceTree = "<group>";
		};
/* End PBXGroup section */

/* Begin PBXNativeTarget section */
		5F7903662860AC5F0007F0D7 /* LoNews */ = {
			isa = PBXNativeTarget;
			buildConfigurationList = 5F79037B2860AC600007F0D7 /* Build configuration list for PBXNativeTarget "LoNews" */;
			buildPhases = (
				5F7903632860AC5F0007F0D7 /* Sources */,
				5F7903642860AC5F0007F0D7 /* Frameworks */,
				5F7903652860AC5F0007F0D7 /* Resources */,
			);
			buildRules = (
			);
			dependencies = (
			);
			name = LoNews;
			productName = LoNews;
			productReference = 5F7903672860AC5F0007F0D7 /* LoNews.app */;
			productType = "com.apple.product-type.application";
		};
/* End PBXNativeTarget section */

/* Begin PBXProject section */
		5F79035F2860AC5F0007F0D7 /* Project object */ = {
			isa = PBXProject;
			attributes = {
				BuildIndependentTargetsInParallel = 1;
				LastSwiftUpdateCheck = 1340;
				LastUpgradeCheck = 1340;
				TargetAttributes = {
					5F7903662860AC5F0007F0D7 = {
						CreatedOnToolsVersion = 13.4.1;
					};
				};
			};
			buildConfigurationList = 5F7903622860AC5F0007F0D7 /* Build configuration list for PBXProject "LoNews" */;
			compatibilityVersion = "Xcode 13.0";
			developmentRegion = en;
			hasScannedForEncodings = 0;
			knownRegions = (
				en,
				Base,
			);
			mainGroup = 5F79035E2860AC5F0007F0D7;
			productRefGroup = 5F7903682860AC5F0007F0D7 /* Products */;
			projectDirPath = "";
			projectRoot = "";
			targets = (
				5F7903662860AC5F0007F0D7 /* LoNews */,
			);
		};
/* End PBXProject section */

/* Begin PBXResourcesBuildPhase section */
		5F7903652860AC5F0007F0D7 /* Resources */ = {
			isa = PBXResourcesBuildPhase;
			buildActionMask = 2147483647;
			files = (
				5F7903772860AC600007F0D7 /* LaunchScreen.storyboard in Resources */,
				5F7903742860AC600007F0D7 /* Assets.xcassets in Resources */,
				5F7903722860AC5F0007F0D7 /* Main.storyboard in Resources */,
			);
			runOnlyForDeploymentPostprocessing = 0;
		};
/* End PBXResourcesBuildPhase section */

/* Begin PBXSourcesBuildPhase section */
		5F7903632860AC5F0007F0D7 /* Sources */ = {
			isa = PBXSourcesBuildPhase;
			buildActionMask = 2147483647;
			files = (
				5F7903822860B1A90007F0D7 /* Model.swift in Sources */,
				5FE45AA928634FFE00FED8FF /* PageViewController.swift in Sources */,
				5F9A7CCF2865F43900928958 /* CoreData.xcdatamodeld in Sources */,
				5F9A7CA92865C1A900928958 /* CustomTableViewCell.swift in Sources */,
				5F7903842860CEFB0007F0D7 /* TableViewController.swift in Sources */,
				5F9A7CD3286689B000928958 /* FavoriteTableViewController.swift in Sources */,
				5F9A7CD1286662C100928958 /* Core Data.swift in Sources */,
				5F7903802860B0180007F0D7 /* Article.swift in Sources */,
				5F79036B2860AC5F0007F0D7 /* AppDelegate.swift in Sources */,
				5FE45AA62860ECB900FED8FF /* OneNewsViewController.swift in Sources */,
				5F79036D2860AC5F0007F0D7 /* SceneDelegate.swift in Sources */,
			);
			runOnlyForDeploymentPostprocessing = 0;
		};
/* End PBXSourcesBuildPhase section */

/* Begin PBXVariantGroup section */
		5F7903702860AC5F0007F0D7 /* Main.storyboard */ = {
			isa = PBXVariantGroup;
			children = (
				5F7903712860AC5F0007F0D7 /* Base */,
			);
			name = Main.storyboard;
			sourceTree = "<group>";
		};
		5F7903752860AC600007F0D7 /* LaunchScreen.storyboard */ = {
			isa = PBXVariantGroup;
			children = (
				5F7903762860AC600007F0D7 /* Base */,
			);
			name = LaunchScreen.storyboard;
			sourceTree = "<group>";
		};
/* End PBXVariantGroup section */

/* Begin XCBuildConfiguration section */
		5F7903792860AC600007F0D7 /* Debug */ = {
			isa = XCBuildConfiguration;
			buildSettings = {
				ALWAYS_SEARCH_USER_PATHS = NO;
				CLANG_ANALYZER_NONNULL = YES;
				CLANG_ANALYZER_NUMBER_OBJECT_CONVERSION = YES_AGGRESSIVE;
				CLANG_CXX_LANGUAGE_STANDARD = "gnu++17";
				CLANG_ENABLE_MODULES = YES;
				CLANG_ENABLE_OBJC_ARC = YES;
				CLANG_ENABLE_OBJC_WEAK = YES;
				CLANG_WARN_BLOCK_CAPTURE_AUTORELEASING = YES;
				CLANG_WARN_BOOL_CONVERSION = YES;
				CLANG_WARN_COMMA = YES;
				CLANG_WARN_CONSTANT_CONVERSION = YES;
				CLANG_WARN_DEPRECATED_OBJC_IMPLEMENTATIONS = YES;
				CLANG_WARN_DIRECT_OBJC_ISA_USAGE = YES_ERROR;
				CLANG_WARN_DOCUMENTATION_COMMENTS = YES;
				CLANG_WARN_EMPTY_BODY = YES;
				CLANG_WARN_ENUM_CONVERSION = YES;
				CLANG_WARN_INFINITE_RECURSION = YES;
				CLANG_WARN_INT_CONVERSION = YES;
				CLANG_WARN_NON_LITERAL_NULL_CONVERSION = YES;
				CLANG_WARN_OBJC_IMPLICIT_RETAIN_SELF = YES;
				CLANG_WARN_OBJC_LITERAL_CONVERSION = YES;
				CLANG_WARN_OBJC_ROOT_CLASS = YES_ERROR;
				CLANG_WARN_QUOTED_INCLUDE_IN_FRAMEWORK_HEADER = YES;
				CLANG_WARN_RANGE_LOOP_ANALYSIS = YES;
				CLANG_WARN_STRICT_PROTOTYPES = YES;
				CLANG_WARN_SUSPICIOUS_MOVE = YES;
				CLANG_WARN_UNGUARDED_AVAILABILITY = YES_AGGRESSIVE;
				CLANG_WARN_UNREACHABLE_CODE = YES;
				CLANG_WARN__DUPLICATE_METHOD_MATCH = YES;
				COPY_PHASE_STRIP = NO;
				DEBUG_INFORMATION_FORMAT = dwarf;
				ENABLE_STRICT_OBJC_MSGSEND = YES;
				ENABLE_TESTABILITY = YES;
				GCC_C_LANGUAGE_STANDARD = gnu11;
				GCC_DYNAMIC_NO_PIC = NO;
				GCC_NO_COMMON_BLOCKS = YES;
				GCC_OPTIMIZATION_LEVEL = 0;
				GCC_PREPROCESSOR_DEFINITIONS = (
					"DEBUG=1",
					"$(inherited)",
				);
				GCC_WARN_64_TO_32_BIT_CONVERSION = YES;
				GCC_WARN_ABOUT_RETURN_TYPE = YES_ERROR;
				GCC_WARN_UNDECLARED_SELECTOR = YES;
				GCC_WARN_UNINITIALIZED_AUTOS = YES_AGGRESSIVE;
				GCC_WARN_UNUSED_FUNCTION = YES;
				GCC_WARN_UNUSED_VARIABLE = YES;
				IPHONEOS_DEPLOYMENT_TARGET = 15.5;
				MTL_ENABLE_DEBUG_INFO = INCLUDE_SOURCE;
				MTL_FAST_MATH = YES;
				ONLY_ACTIVE_ARCH = YES;
				SDKROOT = iphoneos;
				SWIFT_ACTIVE_COMPILATION_CONDITIONS = DEBUG;
				SWIFT_OPTIMIZATION_LEVEL = "-Onone";
			};
			name = Debug;
		};
		5F79037A2860AC600007F0D7 /* Release */ = {
			isa = XCBuildConfiguration;
			buildSettings = {
				ALWAYS_SEARCH_USER_PATHS = NO;
				CLANG_ANALYZER_NONNULL = YES;
				CLANG_ANALYZER_NUMBER_OBJECT_CONVERSION = YES_AGGRESSIVE;
				CLANG_CXX_LANGUAGE_STANDARD = "gnu++17";
				CLANG_ENABLE_MODULES = YES;
				CLANG_ENABLE_OBJC_ARC = YES;
				CLANG_ENABLE_OBJC_WEAK = YES;
				CLANG_WARN_BLOCK_CAPTURE_AUTORELEASING = YES;
				CLANG_WARN_BOOL_CONVERSION = YES;
				CLANG_WARN_COMMA = YES;
				CLANG_WARN_CONSTANT_CONVERSION = YES;
				CLANG_WARN_DEPRECATED_OBJC_IMPLEMENTATIONS = YES;
				CLANG_WARN_DIRECT_OBJC_ISA_USAGE = YES_ERROR;
				CLANG_WARN_DOCUMENTATION_COMMENTS = YES;
				CLANG_WARN_EMPTY_BODY = YES;
				CLANG_WARN_ENUM_CONVERSION = YES;
				CLANG_WARN_INFINITE_RECURSION = YES;
				CLANG_WARN_INT_CONVERSION = YES;
				CLANG_WARN_NON_LITERAL_NULL_CONVERSION = YES;
				CLANG_WARN_OBJC_IMPLICIT_RETAIN_SELF = YES;
				CLANG_WARN_OBJC_LITERAL_CONVERSION = YES;
				CLANG_WARN_OBJC_ROOT_CLASS = YES_ERROR;
				CLANG_WARN_QUOTED_INCLUDE_IN_FRAMEWORK_HEADER = YES;
				CLANG_WARN_RANGE_LOOP_ANALYSIS = YES;
				CLANG_WARN_STRICT_PROTOTYPES = YES;
				CLANG_WARN_SUSPICIOUS_MOVE = YES;
				CLANG_WARN_UNGUARDED_AVAILABILITY = YES_AGGRESSIVE;
				CLANG_WARN_UNREACHABLE_CODE = YES;
				CLANG_WARN__DUPLICATE_METHOD_MATCH = YES;
				COPY_PHASE_STRIP = NO;
				DEBUG_INFORMATION_FORMAT = "dwarf-with-dsym";
				ENABLE_NS_ASSERTIONS = NO;
				ENABLE_STRICT_OBJC_MSGSEND = YES;
				GCC_C_LANGUAGE_STANDARD = gnu11;
				GCC_NO_COMMON_BLOCKS = YES;
				GCC_WARN_64_TO_32_BIT_CONVERSION = YES;
				GCC_WARN_ABOUT_RETURN_TYPE = YES_ERROR;
				GCC_WARN_UNDECLARED_SELECTOR = YES;
				GCC_WARN_UNINITIALIZED_AUTOS = YES_AGGRESSIVE;
				GCC_WARN_UNUSED_FUNCTION = YES;
				GCC_WARN_UNUSED_VARIABLE = YES;
				IPHONEOS_DEPLOYMENT_TARGET = 15.5;
				MTL_ENABLE_DEBUG_INFO = NO;
				MTL_FAST_MATH = YES;
				SDKROOT = iphoneos;
				SWIFT_COMPILATION_MODE = wholemodule;
				SWIFT_OPTIMIZATION_LEVEL = "-O";
				VALIDATE_PRODUCT = YES;
			};
			name = Release;
		};
		5F79037C2860AC600007F0D7 /* Debug */ = {
			isa = XCBuildConfiguration;
			buildSettings = {
				ASSETCATALOG_COMPILER_APPICON_NAME = AppIcon;
				ASSETCATALOG_COMPILER_GLOBAL_ACCENT_COLOR_NAME = AccentColor;
				CODE_SIGN_STYLE = Automatic;
				CURRENT_PROJECT_VERSION = 1;
				DEVELOPMENT_TEAM = 9B64N4C9P8;
				GENERATE_INFOPLIST_FILE = YES;
				INFOPLIST_FILE = LoNews/Info.plist;
				INFOPLIST_KEY_UIApplicationSupportsIndirectInputEvents = YES;
				INFOPLIST_KEY_UILaunchStoryboardName = LaunchScreen;
				INFOPLIST_KEY_UIMainStoryboardFile = Main;
				INFOPLIST_KEY_UISupportedInterfaceOrientations_iPad = "UIInterfaceOrientationPortrait UIInterfaceOrientationPortraitUpsideDown UIInterfaceOrientationLandscapeLeft UIInterfaceOrientationLandscapeRight";
				INFOPLIST_KEY_UISupportedInterfaceOrientations_iPhone = "UIInterfaceOrientationPortrait UIInterfaceOrientationLandscapeLeft UIInterfaceOrientationLandscapeRight";
				LD_RUNPATH_SEARCH_PATHS = (
					"$(inherited)",
					"@executable_path/Frameworks",
				);
				MARKETING_VERSION = 1.0;
				PRODUCT_BUNDLE_IDENTIFIER = lodygin.LoNews;
				PRODUCT_NAME = "$(TARGET_NAME)";
				SWIFT_EMIT_LOC_STRINGS = YES;
				SWIFT_VERSION = 5.0;
				TARGETED_DEVICE_FAMILY = 1;
			};
			name = Debug;
		};
		5F79037D2860AC600007F0D7 /* Release */ = {
			isa = XCBuildConfiguration;
			buildSettings = {
				ASSETCATALOG_COMPILER_APPICON_NAME = AppIcon;
				ASSETCATALOG_COMPILER_GLOBAL_ACCENT_COLOR_NAME = AccentColor;
				CODE_SIGN_STYLE = Automatic;
				CURRENT_PROJECT_VERSION = 1;
				DEVELOPMENT_TEAM = 9B64N4C9P8;
				GENERATE_INFOPLIST_FILE = YES;
				INFOPLIST_FILE = LoNews/Info.plist;
				INFOPLIST_KEY_UIApplicationSupportsIndirectInputEvents = YES;
				INFOPLIST_KEY_UILaunchStoryboardName = LaunchScreen;
				INFOPLIST_KEY_UIMainStoryboardFile = Main;
				INFOPLIST_KEY_UISupportedInterfaceOrientations_iPad = "UIInterfaceOrientationPortrait UIInterfaceOrientationPortraitUpsideDown UIInterfaceOrientationLandscapeLeft UIInterfaceOrientationLandscapeRight";
				INFOPLIST_KEY_UISupportedInterfaceOrientations_iPhone = "UIInterfaceOrientationPortrait UIInterfaceOrientationLandscapeLeft UIInterfaceOrientationLandscapeRight";
				LD_RUNPATH_SEARCH_PATHS = (
					"$(inherited)",
					"@executable_path/Frameworks",
				);
				MARKETING_VERSION = 1.0;
				PRODUCT_BUNDLE_IDENTIFIER = lodygin.LoNews;
				PRODUCT_NAME = "$(TARGET_NAME)";
				SWIFT_EMIT_LOC_STRINGS = YES;
				SWIFT_VERSION = 5.0;
				TARGETED_DEVICE_FAMILY = 1;
			};
			name = Release;
		};
/* End XCBuildConfiguration section */

/* Begin XCConfigurationList section */
		5F7903622860AC5F0007F0D7 /* Build configuration list for PBXProject "LoNews" */ = {
			isa = XCConfigurationList;
			buildConfigurations = (
				5F7903792860AC600007F0D7 /* Debug */,
				5F79037A2860AC600007F0D7 /* Release */,
			);
			defaultConfigurationIsVisible = 0;
			defaultConfigurationName = Release;
		};
		5F79037B2860AC600007F0D7 /* Build configuration list for PBXNativeTarget "LoNews" */ = {
			isa = XCConfigurationList;
			buildConfigurations = (
				5F79037C2860AC600007F0D7 /* Debug */,
				5F79037D2860AC600007F0D7 /* Release */,
			);
			defaultConfigurationIsVisible = 0;
			defaultConfigurationName = Release;
		};
/* End XCConfigurationList section */

/* Begin XCVersionGroup section */
		5F9A7CCD2865F43900928958 /* CoreData.xcdatamodeld */ = {
			isa = XCVersionGroup;
			children = (
				5F9A7CCE2865F43900928958 /* CoreData.xcdatamodel */,
			);
			currentVersion = 5F9A7CCE2865F43900928958 /* CoreData.xcdatamodel */;
			path = CoreData.xcdatamodeld;
			sourceTree = "<group>";
			versionGroupType = wrapper.xcdatamodel;
		};
/* End XCVersionGroup section */
	};
	rootObject = 5F79035F2860AC5F0007F0D7 /* Project object */;
}
